
Microsoft Visual Studio Solution File, Format Version 12.00
# Visual Studio 2012
Project("{FAE04EC0-301F-11D3-BF4B-00C04F79EFBC}") = "Terradue.OpenNebula", "Terradue.OpenNebula\Terradue.OpenNebula.csproj", "{17DE3BC5-A4DE-411C-82BB-3B9569791264}"
EndProject
Global
	GlobalSection(SolutionConfigurationPlatforms) = preSolution
		Debug|Any CPU = Debug|Any CPU
		Release|Any CPU = Release|Any CPU
	EndGlobalSection
	GlobalSection(ProjectConfigurationPlatforms) = postSolution
		{17DE3BC5-A4DE-411C-82BB-3B9569791264}.Debug|Any CPU.ActiveCfg = Debug|Any CPU
		{17DE3BC5-A4DE-411C-82BB-3B9569791264}.Debug|Any CPU.Build.0 = Debug|Any CPU
		{17DE3BC5-A4DE-411C-82BB-3B9569791264}.Release|Any CPU.ActiveCfg = Release|Any CPU
		{17DE3BC5-A4DE-411C-82BB-3B9569791264}.Release|Any CPU.Build.0 = Release|Any CPU
	EndGlobalSection
	GlobalSection(MonoDevelopProperties) = preSolution
		StartupItem = Terradue.OpenNebula\Terradue.OpenNebula.csproj
	EndGlobalSection
EndGlobal
